{
    "_meta": {
        "hash": {
            "sha256": "8fdd92b9548da75d3d8731608f7854217d0b1665c77e3f2c95c7dcc8c9b0962a"
        },
        "pipfile-spec": 6,
        "requires": {
            "python_version": "3.8.6"
        },
        "sources": [
            {
                "name": "pypi",
                "url": "https://pypi.python.org/simple",
                "verify_ssl": true
            }
        ]
    },
    "default": {
        "asgiref": {
            "hashes": [
                "sha256:a5098bc870b80e7b872bff60bb363c7f2c2c89078759f6c47b53ff8c525a152e",
                "sha256:cd88907ecaec59d78e4ac00ea665b03e571cb37e3a0e37b3702af1a9e86c365a"
            ],
            "markers": "python_version >= '3.5'",
            "version": "==3.3.0"
        },
        "certifi": {
            "hashes": [
                "sha256:5930595817496dd21bb8dc35dad090f1c2cd0adfaf21204bf6732ca5d8ee34d3",
                "sha256:8fc0819f1f30ba15bdb34cceffb9ef04d99f420f68eb75d901e9560b8749fc41"
            ],
            "version": "==2020.6.20"
        },
        "cffi": {
            "hashes": [
                "sha256:005f2bfe11b6745d726dbb07ace4d53f057de66e336ff92d61b8c7e9c8f4777d",
                "sha256:09e96138280241bd355cd585148dec04dbbedb4f46128f340d696eaafc82dd7b",
                "sha256:0b1ad452cc824665ddc682400b62c9e4f5b64736a2ba99110712fdee5f2505c4",
                "sha256:0ef488305fdce2580c8b2708f22d7785ae222d9825d3094ab073e22e93dfe51f",
                "sha256:15f351bed09897fbda218e4db5a3d5c06328862f6198d4fb385f3e14e19decb3",
                "sha256:22399ff4870fb4c7ef19fff6eeb20a8bbf15571913c181c78cb361024d574579",
                "sha256:23e5d2040367322824605bc29ae8ee9175200b92cb5483ac7d466927a9b3d537",
                "sha256:2791f68edc5749024b4722500e86303a10d342527e1e3bcac47f35fbd25b764e",
                "sha256:2f9674623ca39c9ebe38afa3da402e9326c245f0f5ceff0623dccdac15023e05",
                "sha256:3363e77a6176afb8823b6e06db78c46dbc4c7813b00a41300a4873b6ba63b171",
                "sha256:33c6cdc071ba5cd6d96769c8969a0531be2d08c2628a0143a10a7dcffa9719ca",
                "sha256:3b8eaf915ddc0709779889c472e553f0d3e8b7bdf62dab764c8921b09bf94522",
                "sha256:3cb3e1b9ec43256c4e0f8d2837267a70b0e1ca8c4f456685508ae6106b1f504c",
                "sha256:3eeeb0405fd145e714f7633a5173318bd88d8bbfc3dd0a5751f8c4f70ae629bc",
                "sha256:44f60519595eaca110f248e5017363d751b12782a6f2bd6a7041cba275215f5d",
                "sha256:4d7c26bfc1ea9f92084a1d75e11999e97b62d63128bcc90c3624d07813c52808",
                "sha256:529c4ed2e10437c205f38f3691a68be66c39197d01062618c55f74294a4a4828",
                "sha256:6642f15ad963b5092d65aed022d033c77763515fdc07095208f15d3563003869",
                "sha256:85ba797e1de5b48aa5a8427b6ba62cf69607c18c5d4eb747604b7302f1ec382d",
                "sha256:8f0f1e499e4000c4c347a124fa6a27d37608ced4fe9f7d45070563b7c4c370c9",
                "sha256:a624fae282e81ad2e4871bdb767e2c914d0539708c0f078b5b355258293c98b0",
                "sha256:b0358e6fefc74a16f745afa366acc89f979040e0cbc4eec55ab26ad1f6a9bfbc",
                "sha256:bbd2f4dfee1079f76943767fce837ade3087b578aeb9f69aec7857d5bf25db15",
                "sha256:bf39a9e19ce7298f1bd6a9758fa99707e9e5b1ebe5e90f2c3913a47bc548747c",
                "sha256:c11579638288e53fc94ad60022ff1b67865363e730ee41ad5e6f0a17188b327a",
                "sha256:c150eaa3dadbb2b5339675b88d4573c1be3cb6f2c33a6c83387e10cc0bf05bd3",
                "sha256:c53af463f4a40de78c58b8b2710ade243c81cbca641e34debf3396a9640d6ec1",
                "sha256:cb763ceceae04803adcc4e2d80d611ef201c73da32d8f2722e9d0ab0c7f10768",
                "sha256:cc75f58cdaf043fe6a7a6c04b3b5a0e694c6a9e24050967747251fb80d7bce0d",
                "sha256:d80998ed59176e8cba74028762fbd9b9153b9afc71ea118e63bbf5d4d0f9552b",
                "sha256:de31b5164d44ef4943db155b3e8e17929707cac1e5bd2f363e67a56e3af4af6e",
                "sha256:e66399cf0fc07de4dce4f588fc25bfe84a6d1285cc544e67987d22663393926d",
                "sha256:f0620511387790860b249b9241c2f13c3a80e21a73e0b861a2df24e9d6f56730",
                "sha256:f4eae045e6ab2bb54ca279733fe4eb85f1effda392666308250714e01907f394",
                "sha256:f92cdecb618e5fa4658aeb97d5eb3d2f47aa94ac6477c6daf0f306c5a3b9e6b1",
                "sha256:f92f789e4f9241cd262ad7a555ca2c648a98178a953af117ef7fad46aa1d5591"
            ],
            "version": "==1.14.3"
        },
        "chardet": {
            "hashes": [
                "sha256:84ab92ed1c4d4f16916e05906b6b75a6c0fb5db821cc65e70cbd64a3e2a5eaae",
                "sha256:fc323ffcaeaed0e0a02bf4d117757b98aed530d9ed4531e3e15460124c106691"
            ],
            "version": "==3.0.4"
        },
        "cryptography": {
            "hashes": [
                "sha256:21b47c59fcb1c36f1113f3709d37935368e34815ea1d7073862e92f810dc7499",
                "sha256:451cdf60be4dafb6a3b78802006a020e6cd709c22d240f94f7a0696240a17154",
                "sha256:4549b137d8cbe3c2eadfa56c0c858b78acbeff956bd461e40000b2164d9167c6",
                "sha256:48ee615a779ffa749d7d50c291761dc921d93d7cf203dca2db663b4f193f0e49",
                "sha256:559d622aef2a2dff98a892eef321433ba5bc55b2485220a8ca289c1ecc2bd54f",
                "sha256:5d52c72449bb02dd45a773a203196e6d4fae34e158769c896012401f33064396",
                "sha256:65beb15e7f9c16e15934569d29fb4def74ea1469d8781f6b3507ab896d6d8719",
                "sha256:680da076cad81cdf5ffcac50c477b6790be81768d30f9da9e01960c4b18a66db",
                "sha256:762bc5a0df03c51ee3f09c621e1cee64e3a079a2b5020de82f1613873d79ee70",
                "sha256:89aceb31cd5f9fc2449fe8cf3810797ca52b65f1489002d58fe190bfb265c536",
                "sha256:983c0c3de4cb9fcba68fd3f45ed846eb86a2a8b8d8bc5bb18364c4d00b3c61fe",
                "sha256:99d4984aabd4c7182050bca76176ce2dbc9fa9748afe583a7865c12954d714ba",
                "sha256:9d9fc6a16357965d282dd4ab6531013935425d0dc4950df2e0cf2a1b1ac1017d",
                "sha256:a7597ffc67987b37b12e09c029bd1dc43965f75d328076ae85721b84046e9ca7",
                "sha256:ab010e461bb6b444eaf7f8c813bb716be2d78ab786103f9608ffd37a4bd7d490",
                "sha256:b12e715c10a13ca1bd27fbceed9adc8c5ff640f8e1f7ea76416352de703523c8",
                "sha256:b2bded09c578d19e08bd2c5bb8fed7f103e089752c9cf7ca7ca7de522326e921",
                "sha256:b372026ebf32fe2523159f27d9f0e9f485092e43b00a5adacf732192a70ba118",
                "sha256:cb179acdd4ae1e4a5a160d80b87841b3d0e0be84af46c7bb2cd7ece57a39c4ba",
                "sha256:e97a3b627e3cb63c415a16245d6cef2139cca18bb1183d1b9375a1c14e83f3b3",
                "sha256:f0e099fc4cc697450c3dd4031791559692dd941a95254cb9aeded66a7aa8b9bc",
                "sha256:f99317a0fa2e49917689b8cf977510addcfaaab769b3f899b9c481bbd76730c2"
            ],
            "version": "==3.1.1"
        },
        "defusedxml": {
            "hashes": [
                "sha256:6687150770438374ab581bb7a1b327a847dd9c5749e396102de3fad4e8a3ef93",
                "sha256:f684034d135af4c6cbb949b8a4d2ed61634515257a67299e5f940fbaa34377f5"
            ],
            "markers": "python_version >= '2.7' and python_version not in '3.0, 3.1, 3.2, 3.3, 3.4'",
            "version": "==0.6.0"
        },
        "django": {
            "hashes": [
                "sha256:2d14be521c3ae24960e5e83d4575e156a8c479a75c935224b671b1c6e66eddaf",
                "sha256:313d0b8f96685e99327785cc600a5178ca855f8e6f4ed162e671e8c3cf749739"
            ],
            "index": "pypi",
            "version": "==3.0.10"
        },
        "django-admin-sortable2": {
            "hashes": [
                "sha256:65c8a02300e178b4a02c904b6f4dce6e528c58f5ecab3907dfba3540da51b862"
            ],
            "index": "pypi",
            "version": "==0.7.7"
        },
        "django-allauth": {
            "hashes": [
                "sha256:0bfb975fe46e8bff67effb3fa46dea5acd7c66140cb78b5ed92c533f639898e2"
            ],
            "index": "pypi",
            "version": "==0.43.0"
        },
        "django-angular": {
            "hashes": [
                "sha256:f83b7d4dbc7bb8f7bd7ef7bc05a80faf50ec137963fbb45dace94b99bafdc190"
            ],
            "index": "pypi",
            "version": "==2.3"
        },
        "django-appconf": {
            "hashes": [
                "sha256:1b1d0e1069c843ebe8ae5aa48ec52403b1440402b320c3e3a206a0907e97bb06",
                "sha256:be58deb54a43d77d2e1621fe59f787681376d3cd0b8bd8e4758ef6c3a6453380"
            ],
            "version": "==1.0.4"
        },
        "django-classy-tags": {
            "hashes": [
                "sha256:25eb4f95afee396148683bfb4811b83b3f5729218d73ad0a3399271a6f9fcc49",
                "sha256:d59d98bdf96a764dcf7a2929a86439d023b283a9152492811c7e44fc47555bc9"
            ],
            "version": "==2.0.0"
        },
        "django-cms": {
            "hashes": [
                "sha256:9302f0e21153fc9afca55d9c3424ca3654b51d274a1af6ec39f4fbb05059fe46",
                "sha256:9374af5a35bac590f1891031fb0878a0e6c2dc5309a6907929c6a036493694f6"
            ],
            "version": "==3.7.4"
        },
        "django-countries": {
            "hashes": [
                "sha256:64015977a5989bcb0e645007299b19fe8ac117466af375161b26bcfa32ae2808",
                "sha256:a0f77154ae08cb38a0d65530a399ead5f5837ebf6c74f7576e71bb7acdacca94"
            ],
            "index": "pypi",
            "version": "==6.1.3"
        },
        "django-elasticsearch-dsl": {
            "hashes": [
                "sha256:5bbd49a9acb51c08fbbb7fba9beee7c9ce73b481af718cc57e4c8ac3d561888f",
                "sha256:e733ccfd0e8b83ad6896d812a2c15ccbd563caf4ebf30fd31640538ad2de8e26"
            ],
            "index": "pypi",
            "version": "==7.1.4"
        },
        "django-entangled": {
            "hashes": [
                "sha256:e51cb1748f30d3dc474fd32d195f051307507a3dbbe789f0fed29b80ce2e6a35"
            ],
            "version": "==0.3"
        },
        "django-filer": {
            "hashes": [
                "sha256:97fb205a70615c8c63dbe5beb5ea63078461c98d2b148d81147a796401915a07"
            ],
            "index": "pypi",
            "version": "==2.0.2"
        },
        "django-filter": {
            "hashes": [
                "sha256:84e9d5bb93f237e451db814ed422a3a625751cbc9968b484ecc74964a8696b06",
                "sha256:e00d32cebdb3d54273c48f4f878f898dced8d5dfaad009438fe61ebdf535ace1"
            ],
            "index": "pypi",
            "version": "==2.4.0"
        },
        "django-formtools": {
            "hashes": [
                "sha256:304fa777b8ef9e0693ce7833f885cb89ba46b0e46fc23b01176900a93f46742f",
                "sha256:c5272c03c1cd51b2375abf7397a199a3148a9fbbf2f100e186467a84025d13b2"
            ],
            "version": "==2.2"
        },
        "django-fsm": {
            "hashes": [
                "sha256:219b204777a932720d8583cb1f34713bd08b4713e1beb39ab2e674810e21d5e9",
                "sha256:c96a844853de0f5dc67791b64beb367b5d56f992dff7c00f9b88c483e09f15ec"
            ],
            "index": "pypi",
            "version": "==2.7.1"
        },
        "django-fsm-admin": {
            "hashes": [
                "sha256:b10a75688bbd3714aef97db03121218b9a5963436c7805e1524bbd48a0e6c0a4"
            ],
            "index": "pypi",
            "version": "==1.2.4"
        },
        "django-ipware": {
            "hashes": [
                "sha256:73a640a5bff00aa7503a35e92e462001cfabb07d73d649c262f117423beee953"
            ],
            "index": "pypi",
            "version": "==3.0.1"
        },
        "django-js-asset": {
            "hashes": [
                "sha256:8ec12017f26eec524cab436c64ae73033368a372970af4cf42d9354fcb166bdd",
                "sha256:c163ae80d2e0b22d8fb598047cd0dcef31f81830e127cfecae278ad574167260"
            ],
            "version": "==1.2.2"
        },
        "django-mptt": {
            "hashes": [
                "sha256:90eb236eb4f1a92124bd7c37852bbe09c0d21158477cc237556d59842a91c509",
                "sha256:dfdb3af75ad27cdd4458b0544ec8574174f2b90f99bc2cafab6a15b4bc1895a8"
            ],
            "markers": "python_version >= '3.5'",
            "version": "==0.11.0"
        },
        "django-parler": {
            "hashes": [
                "sha256:51c33e7c0d3ca139d1f40ca4253894121a25d9df18076b8fafa573ab0d440010"
            ],
            "index": "pypi",
            "version": "==2.2"
        },
        "django-parler-rest": {
            "hashes": [
                "sha256:6f65d583289a1dacffc0694ca12b667c9ad5e3f027bbf5e9285c9d3dd449007b"
            ],
            "index": "pypi",
            "version": "==2.1"
        },
        "django-phonenumber-field": {
            "hashes": [
                "sha256:1eb7af3a108744665f7c3939d38aa15b3728c57d13d45d656b0a2aa11e8cdc3c",
                "sha256:adb46905cc4ecb19d8494424e1c4352f24946bb472340a2a17257d44bf8228e6"
            ],
            "index": "pypi",
            "version": "==5.0.0"
        },
        "django-polymorphic": {
            "hashes": [
                "sha256:73b75eb44ea302bd32820f8661e469509d245ce7f7ff09cd2ad149e5c42034ff",
                "sha256:9d886f19f031d26bb1391c055ed9be06fb226a04a4cec1842b372c58873b3caa"
            ],
            "index": "pypi",
            "version": "==3.0.0"
        },
        "django-post-office": {
            "hashes": [
                "sha256:f45aadb08c4c2e7d6fa558c2f17a6b70dc81e10241b7d0ffe25524a15e67d763"
            ],
            "index": "pypi",
            "version": "==3.4.1"
        },
        "django-redis": {
            "hashes": [
                "sha256:1133b26b75baa3664164c3f44b9d5d133d1b8de45d94d79f38d1adc5b1d502e5",
                "sha256:306589c7021e6468b2656edc89f62b8ba67e8d5a1c8877e2688042263daa7a63"
            ],
            "index": "pypi",
            "version": "==4.12.1"
        },
        "django-redis-sessions": {
            "hashes": [
                "sha256:1d3ff6bedc8fc32aaab35abfdebe91904e2e7678a0ae7168fe5bfd6ac384a078"
            ],
            "index": "pypi",
            "version": "==0.6.1"
        },
        "django-rest-auth": {
            "hashes": [
                "sha256:f11e12175dafeed772f50d740d22caeab27e99a3caca24ec65e66a8d6de16571"
            ],
            "index": "pypi",
            "version": "==0.9.5"
        },
        "django-sass-processor": {
            "hashes": [
                "sha256:9b46a12ca8bdcb397d46fbcc49e6a926ff9f76a93c5efeb23b495419fd01fc7a"
            ],
            "index": "pypi",
            "version": "==0.8.2"
        },
        "django-sekizai": {
            "hashes": [
                "sha256:5c5e16845d37ce822fc655ce79ec02715191b3d03330b550997bcb842cf24fdf",
                "sha256:e829f09b0d6bf01ee5cde05de1fb3faf2fbc5df66dc4dc280fbaac224ca4336f"
            ],
            "version": "==2.0.0"
        },
        "django-select2": {
            "hashes": [
                "sha256:06531d563ce33c3133682ae2bb9e6d762103a863d0054ffef51bae8b4cfcca6c",
                "sha256:9d3330fa0083a03fb69fceb5dcd2e78065cfd08e45c89d4fd727fce4673d3e08"
            ],
            "index": "pypi",
            "version": "==7.4.2"
        },
        "django-shop": {
            "hashes": [
                "sha256:7ab3bf89895ce46d300f95fc40a9c06984dd7f56778f3c2028c513c76af8c427"
            ],
            "index": "pypi",
            "version": "==1.2.3"
        },
        "django-treebeard": {
            "hashes": [
                "sha256:83aebc34a9f06de7daaec330d858d1c47887e81be3da77e3541fe7368196dd8a"
            ],
            "version": "==4.3.1"
        },
        "djangocms-admin-style": {
            "hashes": [
                "sha256:080f55fe2b643cf608ee8feeb1407bf20e1e76c0f2c058a1bf360b4aa0c90cf4",
                "sha256:78c64b4e2adba59a7c2e4d5b34e68dc32ab3e2d677f8a94403a2ae9d211aa212"
            ],
            "version": "==2.0.0"
        },
        "djangocms-bootstrap": {
            "hashes": [
                "sha256:60e0802111df17298933104fdc73fc7bb74924e435d5c025b3a12a29a10e6761"
            ],
            "index": "pypi",
            "version": "==1.1.2"
        },
        "djangocms-cascade": {
            "hashes": [
                "sha256:0977546406f46841ad01308df811604d7b84dce4e9ebd505c794f8fd06db00e3"
            ],
            "index": "pypi",
            "version": "==1.3.4"
        },
        "djangocms-text-ckeditor": {
            "hashes": [
                "sha256:3af9ffecd1ecce3b632bc9121385aaa6183c1afcd9e668439c3990d3bd1e1771",
                "sha256:fdae918b267baec66811bdd9cd49d961016449d2e6d148823586b99dc595e072"
            ],
            "index": "pypi",
            "version": "==4.0.0"
        },
        "djangorestframework": {
            "hashes": [
                "sha256:5c5071fcbad6dce16f566d492015c829ddb0df42965d488b878594aabc3aed21",
                "sha256:d54452aedebb4b650254ca092f9f4f5df947cb1de6ab245d817b08b4f4156249"
            ],
            "index": "pypi",
            "version": "==3.12.1"
        },
        "djangoshop-sendcloud": {
            "hashes": [
                "sha256:6eed4711c8cd5f6ad2168969f8b9b1b910f469b8d1337f371ea7813a647c6198"
            ],
            "index": "pypi",
            "version": "==1.2.1"
        },
        "easy-thumbnails": {
            "hashes": [
                "sha256:e4e7a0dd4001f56bfd4058428f2c91eafe27d33ef3b8b33ac4e013b159b9ff91"
            ],
            "markers": "python_version >= '3.5'",
            "version": "==2.7"
        },
        "elasticsearch": {
            "hashes": [
                "sha256:5e08776fbb30c6e92408c7fa8c37d939210d291475ae2f364f0497975918b6fe",
                "sha256:8c7e2374f53ee1b891ff2804116e0c7fb517585d6d5788ba668686bbc9d82e2d"
            ],
            "markers": "python_version >= '2.7' and python_version not in '3.0, 3.1, 3.2, 3.3' and python_version < '4'",
            "version": "==7.9.1"
        },
        "elasticsearch-dsl": {
            "hashes": [
                "sha256:0ed75f6ff037e36b2397a8e92cae0ddde79b83adc70a154b8946064cb62f7301",
                "sha256:9390d8e5cf82ebad3505e7f656e407259cf703f5a4035f211cef454127672572"
            ],
            "index": "pypi",
            "version": "==7.3.0"
        },
        "geographiclib": {
            "hashes": [
                "sha256:12bd46ee7ec25b291ea139b17aa991e7ef373e21abd053949b75c0e9ca55c632",
                "sha256:51cfa698e7183792bce27d8fb63ac8e83689cd8170a730bf35e1a5c5bf8849b9"
            ],
            "version": "==1.50"
        },
        "geopy": {
            "hashes": [
                "sha256:b88e189f0d2e0051da45b6311d5b2ced59afaf1378eb27ebb57eaf37c166a03b",
                "sha256:fdc596bab67d9f4828f43bf9e97c4e0a1d1518b7c2357485cef0e1c3cf470220"
            ],
            "index": "pypi",
            "version": "==2.0.0"
        },
        "html5lib": {
            "hashes": [
                "sha256:0d78f8fde1c230e99fe37986a60526d7049ed4bf8a9fadbad5f00e22e58e041d",
                "sha256:b2e5b40261e20f354d198eae92afc10d750afb487ed5e50f9c4eaf07c184146f"
            ],
            "markers": "python_version >= '2.7' and python_version not in '3.0, 3.1, 3.2, 3.3, 3.4'",
            "version": "==1.1"
        },
        "idna": {
            "hashes": [
                "sha256:b307872f855b18632ce0c21c5e45be78c0ea7ae4c15c828c20788b26921eb3f6",
                "sha256:b97d804b1e9b523befed77c48dacec60e6dcb0b5391d57af6a65a312a90648c0"
            ],
            "markers": "python_version >= '2.7' and python_version not in '3.0, 3.1, 3.2, 3.3'",
            "version": "==2.10"
        },
        "jsonfield": {
            "hashes": [
                "sha256:7e4e84597de21eeaeeaaa7cc5da08c61c48a9b64d0c446b2d71255d01812887a",
                "sha256:df857811587f252b97bafba42e02805e70a398a7a47870bc6358a0308dd689ed"
            ],
            "markers": "python_version >= '3.6'",
            "version": "==3.1.0"
        },
        "libsass": {
            "hashes": [
                "sha256:1521d2a8d4b397c6ec90640a1f6b5529077035efc48ef1c2e53095544e713d1b",
                "sha256:1b2d415bbf6fa7da33ef46e549db1418498267b459978eff8357e5e823962d35",
                "sha256:25ebc2085f5eee574761ccc8d9cd29a9b436fc970546d5ef08c6fa41eb57dff1",
                "sha256:2ae806427b28bc1bb7cb0258666d854fcf92ba52a04656b0b17ba5e190fb48a9",
                "sha256:4a246e4b88fd279abef8b669206228c92534d96ddcd0770d7012088c408dff23",
                "sha256:553e5096414a8d4fb48d0a48f5a038d3411abe254d79deac5e008516c019e63a",
                "sha256:697f0f9fa8a1367ca9ec6869437cb235b1c537fc8519983d1d890178614a8903",
                "sha256:a8fd4af9f853e8bf42b1425c5e48dd90b504fa2e70d7dac5ac80b8c0a5a5fe85",
                "sha256:c9411fec76f480ffbacc97d8188322e02a5abca6fc78e70b86a2a2b421eae8a2",
                "sha256:daa98a51086d92aa7e9c8871cf1a8258124b90e2abf4697852a3dca619838618",
                "sha256:e0e60836eccbf2d9e24ec978a805cd6642fa92515fbd95e3493fee276af76f8a",
                "sha256:e64ae2587f1a683e831409aad03ba547c245ef997e1329fffadf7a866d2510b8",
                "sha256:f6852828e9e104d2ce0358b73c550d26dd86cc3a69439438c3b618811b9584f5"
            ],
            "index": "pypi",
            "version": "==0.20.1"
        },
        "oauthlib": {
            "hashes": [
                "sha256:bee41cc35fcca6e988463cacc3bcb8a96224f470ca547e697b604cc697b2f889",
                "sha256:df884cd6cbe20e32633f1db1072e9356f53638e4361bef4e8b03c9127c9328ea"
            ],
            "markers": "python_version >= '2.7' and python_version not in '3.0, 3.1, 3.2, 3.3'",
            "version": "==3.1.0"
        },
        "phonenumbers": {
            "hashes": [
                "sha256:17f39f06c1e0e20eabe69ff735b1c08e4547d12a12595da3d835fd3256a9ee0c",
                "sha256:f5277ce92ac8813cb1f4174c6d1ee1fd08d563da28f9dec1f4bed0031a780a80"
            ],
            "index": "pypi",
            "version": "==8.12.11"
        },
        "pillow": {
            "hashes": [
                "sha256:04d984e45a0b9815f4b407e8aadb50f25fbb82a605d89db927376e94c3adf371",
                "sha256:06e730451b70471c08b8a0ee7f18e7e1df310dba9c780bbfb730a13102b143db",
                "sha256:1f59596af2b3d64a9e43f9d6509b7a51db744d0eecc23297617c604e6823c6ae",
                "sha256:233513465a2f25fce537b965621866da3d1f02e15708f371dd4e19f0fb7b7711",
                "sha256:2696f1a6402c1a42ed12c5cd8adfb4b381c32d41e35a34b8ee544309ef854172",
                "sha256:2ca55a4443b463eec90528ac27be14d226b1c2b972178bc7d4d282ce89e47b6a",
                "sha256:30615e9115f976e00a938a28c7152562e8cf8e221ddacf4446dd8b20c0d97333",
                "sha256:3a77e7b9f8991b81d7be8e0b2deab05013cf3ebb24ac2b863d2979acb68c73dd",
                "sha256:54667c8ab16658cc0b7d824d8706b440d4db8382a3561042758bdfd48ca99298",
                "sha256:59304c67d12394815331eda95ec892bf54ad95e0aa7bc1ccd8e0a4a5a25d4bf3",
                "sha256:594f2f25b7bcfd9542c41b9df156fb5104f19f5fcefa51b1447f1d9f64c9cc14",
                "sha256:5b5dde5dcedc4e6f5a71d7654a3c6e189ced82e97d7896b1ca5a5c5e4e0e916f",
                "sha256:6bcea85f93fb2c94a1bcd35704c348a929a7fb24a0ec0cc2b9fcbb0046b87176",
                "sha256:718d7f0eb3351052023b33fe0f83fc9e3beeb7cbacbd0ff2b52524e2153e4598",
                "sha256:7c4a7ee37027ca716f42726b6f9fc491c13c843c7af559e0767dfab1ae9682d4",
                "sha256:87a855b64a9b692604f6339baa4f9913d06838df1b4ccf0cb899dd18f56ec03c",
                "sha256:8c006d52365c0a6bb41a07f9c8f9f458ae8170e0af3b8c49bf7089347066b97b",
                "sha256:8e29701229705615d3dcfc439c7c46f40f913e57c7fe322b1efc30d3f37d1287",
                "sha256:9b5b41737853bc49943864d5980dfb401a09e78ddb471e71291810ccdeadd712",
                "sha256:b04569ff215b85ce3e2954979d2d5e0bf84007e43ddcf84b632fc6bc18e07909",
                "sha256:b731d45764349313bd956c07bdc1d43803bb0ad2b11354328a074e416c7d84bc",
                "sha256:c12e33cb17e2e12049a49b77696ee479791a4e44e541fdc393ae043e1246389f",
                "sha256:c41442c3814afeba1f6f16fd70cdf312a2c73c6dee8dc3ac8926bb115713ad1d",
                "sha256:c4d743c5c91424965707c9c8edc58b7cb43c127dcaf191fbcd304e2082eef56a",
                "sha256:d6766fd28f4f47cf93280a57e3dc6a9d11bdada1a6e9f019b8c62b12bbc86f6a",
                "sha256:d904570afcdbec40eb6bdbe24cba8d95c0215a2c0cbbc9c16301045bc8504c1f",
                "sha256:e674be2f349ea810e221b0113bd4491f53584ac848d5bcc3b62443cfa11d9c40",
                "sha256:e6ac40f1a62a227eb00226eb64c9c82bc878a3ed700b5414d34c9be57be87e87",
                "sha256:f5270369c799b4405ed47d45c88c09fbd7942fc9fb9891c0dabf0b8c751b625d"
            ],
            "markers": "python_version >= '3.6'",
            "version": "==8.0.0"
        },
        "psycopg2-binary": {
            "hashes": [
                "sha256:d14b140a4439d816e3b1229a4a525df917d6ea22a0771a2a78332273fd9528a4",
                "sha256:aaa4213c862f0ef00022751161df35804127b78adf4a2755b9f991a507e425fd",
                "sha256:89705f45ce07b2dfa806ee84439ec67c5d9a0ef20154e0e475e2b2ed392a5b83",
                "sha256:ba28584e6bca48c59eecbf7efb1576ca214b47f05194646b081717fa628dfddf",
                "sha256:cec7e622ebc545dbb4564e483dd20e4e404da17ae07e06f3e780b2dacd5cee66",
                "sha256:d1b4ab59e02d9008efe10ceabd0b31e79519da6fb67f7d8e8977118832d0f449",
                "sha256:950bc22bb56ee6ff142a2cb9ee980b571dd0912b0334aa3fe0fe3788d860bea2",
                "sha256:2dac98e85565d5688e8ab7bdea5446674a83a3945a8f416ad0110018d1501b94",
                "sha256:ba381aec3a5dc29634f20692349d73f2d21f17653bda1decf0b52b11d694541f",
                "sha256:a0c50db33c32594305b0ef9abc0cb7db13de7621d2cadf8392a1d9b3c437ef77",
                "sha256:ac0c682111fbf404525dfc0f18a8b5f11be52657d4f96e9fcb75daf4f3984859",
                "sha256:d5227b229005a696cc67676e24c214740efd90b148de5733419ac9aaba3773da",
                "sha256:7d92a09b788cbb1aec325af5fcba9fed7203897bbd9269d5691bb1e3bce29550",
                "sha256:b8a3715b3c4e604bcc94c90a825cd7f5635417453b253499664f784fc4da0152",
                "sha256:a0eb43a07386c3f1f1ebb4dc7aafb13f67188eab896e7397aa1ee95a9c884eb2",
                "sha256:e1f57aa70d3f7cc6947fd88636a481638263ba04a742b4a37dd25c373e41491a",
                "sha256:8cd0fb36c7412996859cb4606a35969dd01f4ea34d9812a141cd920c3b18be77",
                "sha256:f5ab93a2cb2d8338b1674be43b442a7f544a0971da062a5da774ed40587f18f5",
                "sha256:0deac2af1a587ae12836aa07970f5cb91964f05a7c6cdb69d8425ff4c15d4e2c",
                "sha256:11b9c0ebce097180129e422379b824ae21c8f2a6596b159c7659e2e5a00e1aa0",
                "sha256:0e4dc3d5996760104746e6cfcdb519d9d2cd27c738296525d5867ea695774e67",
                "sha256:e82aba2188b9ba309fd8e271702bd0d0fc9148ae3150532bbb474f4590039ffb",
                "sha256:833709a5c66ca52f1d21d41865a637223b368c0ee76ea54ca5bad6f2526c7679",
                "sha256:bd1be66dde2b82f80afb9459fc618216753f67109b859a361cf7def5c7968729",
                "sha256:42ec1035841b389e8cc3692277a0bd81cdfe0b65d575a2c8862cec7a80e62e52",
                "sha256:b4afc542c0ac0db720cf516dd20c0846f71c248d2b3d21013aa0d4ef9c71ca25",
                "sha256:ee69dad2c7155756ad114c02db06002f4cded41132cc51378e57aad79cc8e4f4",
                "sha256:6a32f3a4cb2f6e1a0b15215f448e8ce2da192fd4ff35084d80d5e39da683e79b",
                "sha256:7312e931b90fe14f925729cde58022f5d034241918a5c4f9797cac62f6b3a9dd",
                "sha256:e74a55f6bad0e7d3968399deb50f61f4db1926acf4a6d83beaaa7df986f48b1c",
                "sha256:c2507d796fca339c8fb03216364cca68d87e037c1f774977c8fc377627d01c71",
                "sha256:1fabed9ea2acc4efe4671b92c669a213db744d2af8a9fc5d69a8e9bc14b7a9db",
                "sha256:ad20d2eb875aaa1ea6d0f2916949f5c08a19c74d05b16ce6ebf6d24f2c9f75d1"
            ],
            "index": "pypi",
            "version": "==2.8.6"
        },
        "pycparser": {
            "hashes": [
                "sha256:2d475327684562c3a96cc71adf7dc8c4f0565175cf86b6d7a404ff4c771f15f0",
                "sha256:7582ad22678f0fcd81102833f60ef8d0e57288b6b5fb00323d101be910e35705"
            ],
            "markers": "python_version >= '2.7' and python_version not in '3.0, 3.1, 3.2, 3.3'",
            "version": "==2.20"
        },
        "pyjwt": {
            "extras": [
                "crypto"
            ],
            "hashes": [
                "sha256:5c6eca3c2940464d106b99ba83b00c6add741c9becaec087fb7ccdefea71350e",
                "sha256:8d59a976fb773f3e6a39c85636357c4f0e242707394cadadd9814f5cbaa20e96"
            ],
            "version": "==1.7.1"
        },
        "python-dateutil": {
            "hashes": [
                "sha256:73ebfe9dbf22e832286dafa60473e4cd239f8592f699aa5adaf10050e6e1823c",
                "sha256:75bb3f31ea686f1197762692a9ee6a7550b59fc6ca3a1f4b5d7e32fb98e2da2a"
            ],
            "markers": "python_version >= '2.7' and python_version not in '3.0, 3.1, 3.2, 3.3'",
            "version": "==2.8.1"
        },
        "python-dotenv": {
            "hashes": [
                "sha256:8c10c99a1b25d9a68058a1ad6f90381a62ba68230ca93966882a4dbc3bc9c33d",
                "sha256:c10863aee750ad720f4f43436565e4c1698798d763b63234fb5021b6c616e423"
            ],
            "index": "pypi",
            "version": "==0.14.0"
        },
        "python3-openid": {
            "hashes": [
                "sha256:33fbf6928f401e0b790151ed2b5290b02545e8775f982485205a066f874aaeaf",
                "sha256:6626f771e0417486701e0b4daff762e7212e820ca5b29fcc0d05f6f8736dfa6b"
            ],
            "version": "==3.2.0"
        },
        "pytz": {
            "hashes": [
                "sha256:a494d53b6d39c3c6e44c3bec237336e14305e4f29bbf800b599253057fbb79ed",
                "sha256:c35965d010ce31b23eeb663ed3cc8c906275d6be1a34393a1d73a41febf4a048"
            ],
            "version": "==2020.1"
        },
        "redis": {
            "hashes": [
                "sha256:0e7e0cfca8660dea8b7d5cd8c4f6c5e29e11f31158c0b0ae91a397f00e5a05a2",
                "sha256:432b788c4530cfe16d8d943a09d40ca6c16149727e4afe8c2c9d5580c59d9f24"
            ],
            "markers": "python_version >= '2.7' and python_version not in '3.0, 3.1, 3.2, 3.3, 3.4'",
            "version": "==3.5.3"
        },
        "requests": {
            "hashes": [
                "sha256:b3559a131db72c33ee969480840fff4bb6dd111de7dd27c8ee1f820f4f00231b",
                "sha256:fe75cc94a9443b9246fc7049224f75604b113c36acb93f87b80ed42c44cbb898"
            ],
            "markers": "python_version >= '2.7' and python_version not in '3.0, 3.1, 3.2, 3.3, 3.4'",
            "version": "==2.24.0"
        },
        "requests-oauthlib": {
            "hashes": [
                "sha256:7f71572defaecd16372f9006f33c2ec8c077c3cfa6f5911a9a90202beb513f3d",
                "sha256:b4261601a71fd721a8bd6d7aa1cc1d6a8a93b4a9f5e96626f8e4d91e8beeaa6a",
                "sha256:fa6c47b933f01060936d87ae9327fead68768b69c6c9ea2109c48be30f2d4dbc"
            ],
            "version": "==1.3.0"
        },
        "schedule": {
            "hashes": [
                "sha256:3f895a1036799a25ab9c335de917073e63cf8256920917e932777382f101f08f",
                "sha256:f9fb5181283de4db6e701d476dd01b6a3dd81c38462a54991ddbb9d26db857c9"
            ],
            "index": "pypi",
            "version": "==0.6.0"
        },
        "six": {
            "hashes": [
                "sha256:30639c035cdb23534cd4aa2dd52c3bf48f06e5f4a941509c8bafd8ce11080259",
                "sha256:8b74bedcbbbaca38ff6d7491d76f2b06b3592611af620f8426e82dddb04a5ced"
            ],
            "markers": "python_version >= '2.7' and python_version not in '3.0, 3.1, 3.2, 3.3'",
            "version": "==1.15.0"
        },
        "sqlparse": {
            "hashes": [
                "sha256:017cde379adbd6a1f15a61873f43e8274179378e95ef3fede90b5aa64d304ed0",
                "sha256:0f91fd2e829c44362cbcfab3e9ae12e22badaa8a29ad5ff599f9ec109f0454e8"
            ],
            "markers": "python_version >= '3.5'",
            "version": "==0.4.1"
        },
        "unidecode": {
            "hashes": [
                "sha256:1d7a042116536098d05d599ef2b8616759f02985c85b4fef50c78a5aaf10822a",
                "sha256:2b6aab710c2a1647e928e36d69c21e76b453cd455f4e2621000e54b2a9b8cce8"
            ],
            "version": "==1.1.1"
        },
        "urllib3": {
            "hashes": [
                "sha256:8d7eaa5a82a1cac232164990f04874c594c9453ec55eef02eab885aa02fc17a2",
                "sha256:f5321fbe4bf3fefa0efd0bfe7fb14e90909eb62a48ccda331726b4319897dd5e"
            ],
            "markers": "python_version >= '2.7' and python_version not in '3.0, 3.1, 3.2, 3.3, 3.4' and python_version < '4'",
            "version": "==1.25.11"
        },
        "webencodings": {
            "hashes": [
                "sha256:a0af1213f3c2226497a97e2b3aa01a7e4bee4f403f95be16fc9acd2947514a78",
                "sha256:b36a1c245f2d304965eb4e0a82848379241dc04b865afcc4aab16748587e1923"
            ],
            "version": "==0.5.1"
        }
    },
    "develop": {
        "appdirs": {
            "hashes": [
                "sha256:7d5d0167b2b1ba821647616af46a749d1c653740dd0d2415100fe26e27afdf41",
                "sha256:a841dacd6b99318a741b166adb07e19ee71a274450e68237b4650ca1055ab128"
            ],
            "version": "==1.4.4"
        },
        "astroid": {
            "hashes": [
                "sha256:2f4078c2a41bf377eea06d71c9d2ba4eb8f6b1af2135bec27bbbb7d8f12bb703",
                "sha256:bc58d83eb610252fd8de6363e39d4f1d0619c894b0ed24603b881c02e64c7386"
            ],
            "markers": "python_version >= '3.5'",
            "version": "==2.4.2"
        },
        "attrs": {
            "hashes": [
                "sha256:26b54ddbbb9ee1d34d5d3668dd37d6cf74990ab23c828c2888dccdceee395594",
                "sha256:fce7fc47dfc976152e82d53ff92fa0407700c21acd20886a13777a0d20e655dc"
            ],
            "markers": "python_version >= '2.7' and python_version not in '3.0, 3.1, 3.2, 3.3'",
            "version": "==20.2.0"
        },
        "beautifulsoup4": {
            "hashes": [
                "sha256:4c98143716ef1cb40bf7f39a8e3eec8f8b009509e74904ba3a7b315431577e35",
                "sha256:84729e322ad1d5b4d25f805bfa05b902dd96450f43842c4e99067d5e1369eb25",
                "sha256:fff47e031e34ec82bf17e00da8f592fe7de69aeea38be00523c04623c04fb666"
            ],
            "index": "pypi",
            "version": "==4.9.3"
        },
        "distlib": {
            "hashes": [
                "sha256:8c09de2c67b3e7deef7184574fc060ab8a793e7adbb183d942c389c8b13c52fb",
                "sha256:edf6116872c863e1aa9d5bb7cb5e05a022c519a4594dc703843343a9ddd9bff1"
            ],
            "version": "==0.3.1"
        },
        "django-extensions": {
            "hashes": [
                "sha256:6809c89ca952f0e08d4e0766bc0101dfaf508d7649aced1180c091d737046ea7",
                "sha256:dc663652ac9460fd06580a973576820430c6d428720e874ae46b041fa63e0efa"
            ],
            "index": "pypi",
            "version": "==3.0.9"
        },
        "factory-boy": {
            "hashes": [
                "sha256:d8626622550c8ba31392f9e19fdbcef9f139cf1ad643c5923f20490a7b3e2e3d",
                "sha256:ded73e49135c24bd4d3f45bf1eb168f8d290090f5cf4566b8df3698317dc9c08"
            ],
            "index": "pypi",
            "version": "==3.1.0"
        },
        "faker": {
            "hashes": [
                "sha256:30afa8f564350770373f299d2d267bff42aaba699a7ae0a3b6f378b2a8170569",
                "sha256:a7a36c3c657f06bd1e3e3821b9480f2a92017d8a26e150e464ab6b97743cbc92"
            ],
            "markers": "python_version >= '3.5'",
            "version": "==4.14.0"
        },
        "filelock": {
            "hashes": [
                "sha256:18d82244ee114f543149c66a6e0c14e9c4f8a1044b5cdaadd0f82159d6a6ff59",
                "sha256:929b7d63ec5b7d6b71b0fa5ac14e030b3f70b75747cef1b10da9b879fef15836"
            ],
            "version": "==3.0.12"
        },
        "inflection": {
            "hashes": [
                "sha256:1a29730d366e996aaacffb2f1f1cb9593dc38e2ddd30c91250c6dde09ea9b417",
                "sha256:f38b2b640938a4f35ade69ac3d053042959b62a0f1076a5bbaa1b9526605a8a2"
            ],
            "markers": "python_version >= '3.5'",
            "version": "==0.5.1"
        },
        "iniconfig": {
            "hashes": [
                "sha256:011e24c64b7f47f6ebd835bb12a743f2fbe9a26d4cecaa7f53bc4f35ee9da8b3",
                "sha256:bc3af051d7d14b2ee5ef9969666def0cd1a000e121eaea580d4a313df4b37f32"
            ],
            "version": "==1.1.1"
        },
        "isort": {
            "hashes": [
                "sha256:dcab1d98b469a12a1a624ead220584391648790275560e1a43e54c5dceae65e7",
                "sha256:dcaeec1b5f0eca77faea2a35ab790b4f3680ff75590bfcb7145986905aab2f58"
            ],
            "markers": "python_version >= '3.6' and python_version < '4.0'",
            "version": "==5.6.4"
        },
        "lazy-object-proxy": {
            "hashes": [
                "sha256:0c4b206227a8097f05c4dbdd323c50edf81f15db3b8dc064d08c62d37e1a504d",
                "sha256:194d092e6f246b906e8f70884e620e459fc54db3259e60cf69a4d66c3fda3449",
                "sha256:1be7e4c9f96948003609aa6c974ae59830a6baecc5376c25c92d7d697e684c08",
                "sha256:4677f594e474c91da97f489fea5b7daa17b5517190899cf213697e48d3902f5a",
                "sha256:48dab84ebd4831077b150572aec802f303117c8cc5c871e182447281ebf3ac50",
                "sha256:5541cada25cd173702dbd99f8e22434105456314462326f06dba3e180f203dfd",
                "sha256:59f79fef100b09564bc2df42ea2d8d21a64fdcda64979c0fa3db7bdaabaf6239",
                "sha256:8d859b89baf8ef7f8bc6b00aa20316483d67f0b1cbf422f5b4dc56701c8f2ffb",
                "sha256:9254f4358b9b541e3441b007a0ea0764b9d056afdeafc1a5569eee1cc6c1b9ea",
                "sha256:9651375199045a358eb6741df3e02a651e0330be090b3bc79f6d0de31a80ec3e",
                "sha256:97bb5884f6f1cdce0099f86b907aa41c970c3c672ac8b9c8352789e103cf3156",
                "sha256:9b15f3f4c0f35727d3a0fba4b770b3c4ebbb1fa907dbcc046a1d2799f3edd142",
                "sha256:a2238e9d1bb71a56cd710611a1614d1194dc10a175c1e08d75e1a7bcc250d442",
                "sha256:a6ae12d08c0bf9909ce12385803a543bfe99b95fe01e752536a60af2b7797c62",
                "sha256:ca0a928a3ddbc5725be2dd1cf895ec0a254798915fb3a36af0964a0a4149e3db",
                "sha256:cb2c7c57005a6804ab66f106ceb8482da55f5314b7fcb06551db1edae4ad1531",
                "sha256:d74bb8693bf9cf75ac3b47a54d716bbb1a92648d5f781fc799347cfc95952383",
                "sha256:d945239a5639b3ff35b70a88c5f2f491913eb94871780ebfabb2568bd58afc5a",
                "sha256:eba7011090323c1dadf18b3b689845fd96a61ba0a1dfbd7f24b921398affc357",
                "sha256:efa1909120ce98bbb3777e8b6f92237f5d5c8ea6758efea36a473e1d38f7d3e4",
                "sha256:f3900e8a5de27447acbf900b4750b0ddfd7ec1ea7fbaf11dfa911141bc522af0"
            ],
            "markers": "python_version >= '2.7' and python_version not in '3.0, 3.1, 3.2, 3.3'",
            "version": "==1.4.3"
        },
        "lxml": {
            "hashes": [
                "sha256:0e89f5d422988c65e6936e4ec0fe54d6f73f3128c80eb7ecc3b87f595523607b",
                "sha256:189ad47203e846a7a4951c17694d845b6ade7917c47c64b29b86526eefc3adf5",
                "sha256:1d87936cb5801c557f3e981c9c193861264c01209cb3ad0964a16310ca1b3301",
                "sha256:211b3bcf5da70c2d4b84d09232534ad1d78320762e2c59dedc73bf01cb1fc45b",
                "sha256:2358809cc64394617f2719147a58ae26dac9e21bae772b45cfb80baa26bfca5d",
                "sha256:23c83112b4dada0b75789d73f949dbb4e8f29a0a3511647024a398ebd023347b",
                "sha256:24e811118aab6abe3ce23ff0d7d38932329c513f9cef849d3ee88b0f848f2aa9",
                "sha256:2d5896ddf5389560257bbe89317ca7bcb4e54a02b53a3e572e1ce4226512b51b",
                "sha256:2d6571c48328be4304aee031d2d5046cbc8aed5740c654575613c5a4f5a11311",
                "sha256:2e311a10f3e85250910a615fe194839a04a0f6bc4e8e5bb5cac221344e3a7891",
                "sha256:302160eb6e9764168e01d8c9ec6becddeb87776e81d3fcb0d97954dd51d48e0a",
                "sha256:3a7a380bfecc551cfd67d6e8ad9faa91289173bdf12e9cfafbd2bdec0d7b1ec1",
                "sha256:3d9b2b72eb0dbbdb0e276403873ecfae870599c83ba22cadff2db58541e72856",
                "sha256:475325e037fdf068e0c2140b818518cf6bc4aa72435c407a798b2db9f8e90810",
                "sha256:4b7572145054330c8e324a72d808c8c8fbe12be33368db28c39a255ad5f7fb51",
                "sha256:4fff34721b628cce9eb4538cf9a73d02e0f3da4f35a515773cce6f5fe413b360",
                "sha256:56eff8c6fb7bc4bcca395fdff494c52712b7a57486e4fbde34c31bb9da4c6cc4",
                "sha256:573b2f5496c7e9f4985de70b9bbb4719ffd293d5565513e04ac20e42e6e5583f",
                "sha256:7ecaef52fd9b9535ae5f01a1dd2651f6608e4ec9dc136fc4dfe7ebe3c3ddb230",
                "sha256:803a80d72d1f693aa448566be46ffd70882d1ad8fc689a2e22afe63035eb998a",
                "sha256:8862d1c2c020cb7a03b421a9a7b4fe046a208db30994fc8ff68c627a7915987f",
                "sha256:9b06690224258db5cd39a84e993882a6874676f5de582da57f3df3a82ead9174",
                "sha256:a71400b90b3599eb7bf241f947932e18a066907bf84617d80817998cee81e4bf",
                "sha256:bb252f802f91f59767dcc559744e91efa9df532240a502befd874b54571417bd",
                "sha256:be1ebf9cc25ab5399501c9046a7dcdaa9e911802ed0e12b7d620cd4bbf0518b3",
                "sha256:be7c65e34d1b50ab7093b90427cbc488260e4b3a38ef2435d65b62e9fa3d798a",
                "sha256:c0dac835c1a22621ffa5e5f999d57359c790c52bbd1c687fe514ae6924f65ef5",
                "sha256:c152b2e93b639d1f36ec5a8ca24cde4a8eefb2b6b83668fcd8e83a67badcb367",
                "sha256:d182eada8ea0de61a45a526aa0ae4bcd222f9673424e65315c35820291ff299c",
                "sha256:d18331ea905a41ae71596502bd4c9a2998902328bbabd29e3d0f5f8569fabad1",
                "sha256:d20d32cbb31d731def4b1502294ca2ee99f9249b63bc80e03e67e8f8e126dea8",
                "sha256:d4ad7fd3269281cb471ad6c7bafca372e69789540d16e3755dd717e9e5c9d82f",
                "sha256:d6f8c23f65a4bfe4300b85f1f40f6c32569822d08901db3b6454ab785d9117cc",
                "sha256:d84d741c6e35c9f3e7406cb7c4c2e08474c2a6441d59322a00dcae65aac6315d",
                "sha256:e65c221b2115a91035b55a593b6eb94aa1206fa3ab374f47c6dc10d364583ff9",
                "sha256:f98b6f256be6cec8dd308a8563976ddaff0bdc18b730720f6f4bee927ffe926f"
            ],
            "index": "pypi",
            "version": "==4.6.1"
        },
        "mccabe": {
            "hashes": [
                "sha256:ab8a6258860da4b6677da4bd2fe5dc2c659cff31b3ee4f7f5d64e79735b80d42",
                "sha256:dd8d182285a0fe56bace7f45b5e7d1a6ebcbf524e8f3bd87eb0f125271b8831f"
            ],
            "version": "==0.6.1"
        },
        "packaging": {
            "hashes": [
                "sha256:4357f74f47b9c12db93624a82154e9b120fa8293699949152b22065d556079f8",
                "sha256:998416ba6962ae7fbd6596850b80e17859a5753ba17c32284f67bfff33784181"
            ],
            "markers": "python_version >= '2.7' and python_version not in '3.0, 3.1, 3.2, 3.3'",
            "version": "==20.4"
        },
        "pluggy": {
            "hashes": [
                "sha256:15b2acde666561e1298d71b523007ed7364de07029219b604cf808bfa1c765b0",
                "sha256:966c145cd83c96502c3c3868f50408687b38434af77734af1e9ca461a4081d2d"
            ],
            "markers": "python_version >= '2.7' and python_version not in '3.0, 3.1, 3.2, 3.3'",
            "version": "==0.13.1"
        },
        "py": {
            "hashes": [
                "sha256:366389d1db726cd2fcfc79732e75410e5fe4d31db13692115529d34069a043c2",
                "sha256:9ca6883ce56b4e8da7e79ac18787889fa5206c79dcc67fb065376cd2fe03f342"
            ],
            "markers": "python_version >= '2.7' and python_version not in '3.0, 3.1, 3.2, 3.3'",
            "version": "==1.9.0"
        },
        "pylint": {
            "hashes": [
                "sha256:bb4a908c9dadbc3aac18860550e870f58e1a02c9f2c204fdf5693d73be061210",
                "sha256:bfe68f020f8a0fece830a22dd4d5dddb4ecc6137db04face4c3420a46a52239f"
            ],
            "index": "pypi",
            "version": "==2.6.0"
        },
        "pyparsing": {
            "hashes": [
                "sha256:c203ec8783bf771a155b207279b9bccb8dea02d8f0c9e5f8ead507bc3246ecc1",
                "sha256:ef9d7589ef3c200abe66653d3f1ab1033c3c419ae9b9bdb1240a85b024efc88b"
            ],
            "markers": "python_version >= '2.6' and python_version not in '3.0, 3.1, 3.2, 3.3'",
            "version": "==2.4.7"
        },
        "pytest": {
            "hashes": [
                "sha256:7a8190790c17d79a11f847fba0b004ee9a8122582ebff4729a082c109e81a4c9",
                "sha256:8f593023c1a0f916110285b6efd7f99db07d59546e3d8c36fc60e2ab05d3be92"
            ],
            "index": "pypi",
            "version": "==6.1.1"
        },
        "pytest-django": {
            "hashes": [
                "sha256:0e91003fdd41ac0322c1978682be2ca180bc564203dd53c698f99242bf513614",
                "sha256:5f964ccda1f551e00589ab0679a7c45c36c509a44b5bfb5ad07954e0ae3f4bed"
            ],
            "index": "pypi",
            "version": "==4.0.0"
        },
        "pytest-factoryboy": {
            "hashes": [
                "sha256:ffef3fb7ddec1299d3df0d334846259023f3d1da5ab887ad880139a8253a5a1a"
            ],
            "index": "pypi",
            "version": "==2.0.3"
        },
        "python-dateutil": {
            "hashes": [
                "sha256:73ebfe9dbf22e832286dafa60473e4cd239f8592f699aa5adaf10050e6e1823c",
                "sha256:75bb3f31ea686f1197762692a9ee6a7550b59fc6ca3a1f4b5d7e32fb98e2da2a"
            ],
            "markers": "python_version >= '2.7' and python_version not in '3.0, 3.1, 3.2, 3.3'",
            "version": "==2.8.1"
        },
        "six": {
            "hashes": [
                "sha256:30639c035cdb23534cd4aa2dd52c3bf48f06e5f4a941509c8bafd8ce11080259",
                "sha256:8b74bedcbbbaca38ff6d7491d76f2b06b3592611af620f8426e82dddb04a5ced"
            ],
            "markers": "python_version >= '2.7' and python_version not in '3.0, 3.1, 3.2, 3.3'",
            "version": "==1.15.0"
        },
        "soupsieve": {
            "hashes": [
                "sha256:1634eea42ab371d3d346309b93df7870a88610f0725d47528be902a0d95ecc55",
                "sha256:a59dc181727e95d25f781f0eb4fd1825ff45590ec8ff49eadfd7f1a537cc0232"
            ],
            "markers": "python_version >= '3.0'",
            "version": "==2.0.1"
        },
        "text-unidecode": {
            "hashes": [
                "sha256:1311f10e8b895935241623731c2ba64f4c455287888b18189350b67134a822e8",
                "sha256:bad6603bb14d279193107714b288be206cac565dfa49aa5b105294dd5c4aab93"
            ],
            "version": "==1.3"
        },
        "toml": {
            "hashes": [
                "sha256:926b612be1e5ce0634a2ca03470f95169cf16f939018233a670519cb4ac58b0f",
                "sha256:bda89d5935c2eac546d648028b9901107a595863cb36bae0c73ac804a9b4ce88"
            ],
            "version": "==0.10.1"
        },
        "tox": {
            "hashes": [
                "sha256:42ce19ce5dc2f6d6b1fdc5666c476e1f1e2897359b47e0aa3a5b774f335d57c2",
                "sha256:4321052bfe28f9d85082341ca8e233e3ea901fdd14dab8a5d3fbd810269fbaf6"
            ],
            "index": "pypi",
            "version": "==3.20.1"
        },
        "virtualenv": {
            "hashes": [
                "sha256:0ebc633426d7468664067309842c81edab11ae97fcaf27e8ad7f5748c89b431b",
                "sha256:2a72c80fa2ad8f4e2985c06e6fc12c3d60d060e410572f553c90619b0f6efaf3"
            ],
            "markers": "python_version >= '2.7' and python_version not in '3.0, 3.1, 3.2, 3.3'",
            "version": "==20.0.35"
        },
        "werkzeug": {
            "hashes": [
                "sha256:2de2a5db0baeae7b2d2664949077c2ac63fbd16d98da0ff71837f7d1dea3fd43",
                "sha256:6c80b1e5ad3665290ea39320b91e1be1e0d5f60652b964a3070216de83d2e47c"
            ],
            "index": "pypi",
            "version": "==1.0.1"
        },
        "wrapt": {
            "hashes": [
                "sha256:b62ffa81fb85f4332a4f609cab4ac40709470da05643a082ec1eb88e6d9b97d7"
            ],
            "version": "==1.12.1"
        }
    }
}
